
Microsoft Visual Studio Solution File, Format Version 12.00
# Visual Studio Version 17
VisualStudioVersion = 17.2.32519.379
MinimumVisualStudioVersion = 10.0.40219.1
Project("{FAE04EC0-301F-11D3-BF4B-00C04F79EFBC}") = "ApsNetCore6", "ApsNetCore6\ApsNetCore6.csproj", "{CC981F91-DD79-4827-A67B-8263C8C4B9F9}"
EndProject
Global
	GlobalSection(SolutionConfigurationPlatforms) = preSolution
		Debug|Any CPU = Debug|Any CPU
		Release|Any CPU = Release|Any CPU
	EndGlobalSection
	GlobalSection(ProjectConfigurationPlatforms) = postSolution
		{CC981F91-DD79-4827-A67B-8263C8C4B9F9}.Debug|Any CPU.ActiveCfg = Debug|Any CPU
		{CC981F91-DD79-4827-A67B-8263C8C4B9F9}.Debug|Any CPU.Build.0 = Debug|Any CPU
		{CC981F91-DD79-4827-A67B-8263C8C4B9F9}.Release|Any CPU.ActiveCfg = Release|Any CPU
		{CC981F91-DD79-4827-A67B-8263C8C4B9F9}.Release|Any CPU.Build.0 = Release|Any CPU
	EndGlobalSection
	GlobalSection(SolutionProperties) = preSolution
		HideSolutionNode = FALSE
	EndGlobalSection
	GlobalSection(ExtensibilityGlobals) = postSolution
		SolutionGuid = {30A83056-4E67-4E2D-B55B-A1C678DC935D}
	EndGlobalSection
EndGlobal
